// !$*UTF8*$!
{
	archiveVersion = 1;
	classes = {
	};
	objectVersion = 51;
	objects = {

/* Begin PBXBuildFile section */
		495C5D042515BC4500AEE577 /* AppDelegate.swift in Sources */ = {isa = PBXBuildFile; fileRef = 495C5D032515BC4500AEE577 /* AppDelegate.swift */; };
		495C5D062515BC4500AEE577 /* SceneDelegate.swift in Sources */ = {isa = PBXBuildFile; fileRef = 495C5D052515BC4500AEE577 /* SceneDelegate.swift */; };
		495C5D082515BC4500AEE577 /* IntroVC.swift in Sources */ = {isa = PBXBuildFile; fileRef = 495C5D072515BC4500AEE577 /* IntroVC.swift */; };
		495C5D0B2515BC4500AEE577 /* Main.storyboard in Resources */ = {isa = PBXBuildFile; fileRef = 495C5D092515BC4500AEE577 /* Main.storyboard */; };
		495C5D0E2515BC4500AEE577 /* Day_Care.xcdatamodeld in Sources */ = {isa = PBXBuildFile; fileRef = 495C5D0C2515BC4500AEE577 /* Day_Care.xcdatamodeld */; };
		495C5D102515BC4800AEE577 /* Assets.xcassets in Resources */ = {isa = PBXBuildFile; fileRef = 495C5D0F2515BC4800AEE577 /* Assets.xcassets */; };
		495C5D132515BC4800AEE577 /* LaunchScreen.storyboard in Resources */ = {isa = PBXBuildFile; fileRef = 495C5D112515BC4800AEE577 /* LaunchScreen.storyboard */; };
		496F0C972515F2B600E3DAD9 /* User.swift in Sources */ = {isa = PBXBuildFile; fileRef = 496F0C962515F2B600E3DAD9 /* User.swift */; };
		49B43DB6251F41E0009B0F78 /* LoginWithEmailVC.swift in Sources */ = {isa = PBXBuildFile; fileRef = 49B43DB5251F41E0009B0F78 /* LoginWithEmailVC.swift */; };
		49B43DBA251F4B08009B0F78 /* ExtensionFile.swift in Sources */ = {isa = PBXBuildFile; fileRef = 49B43DB9251F4B08009B0F78 /* ExtensionFile.swift */; };
		49B43DBE251F56CA009B0F78 /* RoleOptionVC.swift in Sources */ = {isa = PBXBuildFile; fileRef = 49B43DBD251F56CA009B0F78 /* RoleOptionVC.swift */; };
		49B72A1A251F2BE000A356D4 /* GoogleService-Info.plist in Resources */ = {isa = PBXBuildFile; fileRef = 49B72A19251F2BE000A356D4 /* GoogleService-Info.plist */; };
		A908D0ABA6F31E707CF6908C /* Pods_Day_Care.framework in Frameworks */ = {isa = PBXBuildFile; fileRef = C7EBC612E9E82CAC70FD46F9 /* Pods_Day_Care.framework */; };
/* End PBXBuildFile section */

/* Begin PBXFileReference section */
		030F67C57F8385A4F5F1A678 /* Pods-Day Care.debug.xcconfig */ = {isa = PBXFileReference; includeInIndex = 1; lastKnownFileType = text.xcconfig; name = "Pods-Day Care.debug.xcconfig"; path = "Target Support Files/Pods-Day Care/Pods-Day Care.debug.xcconfig"; sourceTree = "<group>"; };
		495C5D002515BC4500AEE577 /* Day Care.app */ = {isa = PBXFileReference; explicitFileType = wrapper.application; includeInIndex = 0; path = "Day Care.app"; sourceTree = BUILT_PRODUCTS_DIR; };
		495C5D032515BC4500AEE577 /* AppDelegate.swift */ = {isa = PBXFileReference; lastKnownFileType = sourcecode.swift; path = AppDelegate.swift; sourceTree = "<group>"; };
		495C5D052515BC4500AEE577 /* SceneDelegate.swift */ = {isa = PBXFileReference; lastKnownFileType = sourcecode.swift; path = SceneDelegate.swift; sourceTree = "<group>"; };
		495C5D072515BC4500AEE577 /* IntroVC.swift */ = {isa = PBXFileReference; lastKnownFileType = sourcecode.swift; path = IntroVC.swift; sourceTree = "<group>"; };
		495C5D0A2515BC4500AEE577 /* Base */ = {isa = PBXFileReference; lastKnownFileType = file.storyboard; name = Base; path = Base.lproj/Main.storyboard; sourceTree = "<group>"; };
		495C5D0D2515BC4500AEE577 /* Day_Care.xcdatamodel */ = {isa = PBXFileReference; lastKnownFileType = wrapper.xcdatamodel; path = Day_Care.xcdatamodel; sourceTree = "<group>"; };
		495C5D0F2515BC4800AEE577 /* Assets.xcassets */ = {isa = PBXFileReference; lastKnownFileType = folder.assetcatalog; path = Assets.xcassets; sourceTree = "<group>"; };
		495C5D122515BC4800AEE577 /* Base */ = {isa = PBXFileReference; lastKnownFileType = file.storyboard; name = Base; path = Base.lproj/LaunchScreen.storyboard; sourceTree = "<group>"; };
		495C5D142515BC4800AEE577 /* Info.plist */ = {isa = PBXFileReference; lastKnownFileType = text.plist.xml; path = Info.plist; sourceTree = "<group>"; };
		496F0C962515F2B600E3DAD9 /* User.swift */ = {isa = PBXFileReference; lastKnownFileType = sourcecode.swift; path = User.swift; sourceTree = "<group>"; };
		49B43DB5251F41E0009B0F78 /* LoginWithEmailVC.swift */ = {isa = PBXFileReference; lastKnownFileType = sourcecode.swift; path = LoginWithEmailVC.swift; sourceTree = "<group>"; };
		49B43DB9251F4B08009B0F78 /* ExtensionFile.swift */ = {isa = PBXFileReference; lastKnownFileType = sourcecode.swift; path = ExtensionFile.swift; sourceTree = "<group>"; };
		49B43DBD251F56CA009B0F78 /* RoleOptionVC.swift */ = {isa = PBXFileReference; lastKnownFileType = sourcecode.swift; path = RoleOptionVC.swift; sourceTree = "<group>"; };
		49B72A19251F2BE000A356D4 /* GoogleService-Info.plist */ = {isa = PBXFileReference; fileEncoding = 4; lastKnownFileType = text.plist.xml; path = "GoogleService-Info.plist"; sourceTree = "<group>"; };
		963733391DEAD65FCD76FA42 /* Pods-Day Care.release.xcconfig */ = {isa = PBXFileReference; includeInIndex = 1; lastKnownFileType = text.xcconfig; name = "Pods-Day Care.release.xcconfig"; path = "Target Support Files/Pods-Day Care/Pods-Day Care.release.xcconfig"; sourceTree = "<group>"; };
		C7EBC612E9E82CAC70FD46F9 /* Pods_Day_Care.framework */ = {isa = PBXFileReference; explicitFileType = wrapper.framework; includeInIndex = 0; path = Pods_Day_Care.framework; sourceTree = BUILT_PRODUCTS_DIR; };
/* End PBXFileReference section */

/* Begin PBXFrameworksBuildPhase section */
		495C5CFD2515BC4500AEE577 /* Frameworks */ = {
			isa = PBXFrameworksBuildPhase;
			buildActionMask = 2147483647;
			files = (
				A908D0ABA6F31E707CF6908C /* Pods_Day_Care.framework in Frameworks */,
			);
			runOnlyForDeploymentPostprocessing = 0;
		};
/* End PBXFrameworksBuildPhase section */

/* Begin PBXGroup section */
		495C5CF72515BC4500AEE577 = {
			isa = PBXGroup;
			children = (
				495C5D022515BC4500AEE577 /* Day Care */,
				495C5D012515BC4500AEE577 /* Products */,
				87466FA90BF7C523DAE8C854 /* Pods */,
				CEB0C4E584A7234B9F2A3272 /* Frameworks */,
			);
			sourceTree = "<group>";
		};
		495C5D012515BC4500AEE577 /* Products */ = {
			isa = PBXGroup;
			children = (
				495C5D002515BC4500AEE577 /* Day Care.app */,
			);
			name = Products;
			sourceTree = "<group>";
		};
		495C5D022515BC4500AEE577 /* Day Care */ = {
			isa = PBXGroup;
			children = (
				49B43DB8251F4AD4009B0F78 /* Extension */,
				496F0C952515E55000E3DAD9 /* Storyboard */,
				496F0C942515E53900E3DAD9 /* Controller */,
				496F0C932515E53300E3DAD9 /* Modal */,
				496F0C922515E52800E3DAD9 /* Delegate */,
				495C5D0F2515BC4800AEE577 /* Assets.xcassets */,
				495C5D142515BC4800AEE577 /* Info.plist */,
				49B72A19251F2BE000A356D4 /* GoogleService-Info.plist */,
				495C5D0C2515BC4500AEE577 /* Day_Care.xcdatamodeld */,
			);
			path = "Day Care";
			sourceTree = "<group>";
		};
		496F0C922515E52800E3DAD9 /* Delegate */ = {
			isa = PBXGroup;
			children = (
				495C5D032515BC4500AEE577 /* AppDelegate.swift */,
				495C5D052515BC4500AEE577 /* SceneDelegate.swift */,
			);
			path = Delegate;
			sourceTree = "<group>";
		};
		496F0C932515E53300E3DAD9 /* Modal */ = {
			isa = PBXGroup;
			children = (
				496F0C962515F2B600E3DAD9 /* User.swift */,
			);
			path = Modal;
			sourceTree = "<group>";
		};
		496F0C942515E53900E3DAD9 /* Controller */ = {
			isa = PBXGroup;
			children = (
				495C5D072515BC4500AEE577 /* IntroVC.swift */,
				49B43DB5251F41E0009B0F78 /* LoginWithEmailVC.swift */,
				49B43DBD251F56CA009B0F78 /* RoleOptionVC.swift */,
			);
			path = Controller;
			sourceTree = "<group>";
		};
		496F0C952515E55000E3DAD9 /* Storyboard */ = {
			isa = PBXGroup;
			children = (
				495C5D112515BC4800AEE577 /* LaunchScreen.storyboard */,
				495C5D092515BC4500AEE577 /* Main.storyboard */,
			);
			path = Storyboard;
			sourceTree = "<group>";
		};
		49B43DB8251F4AD4009B0F78 /* Extension */ = {
			isa = PBXGroup;
			children = (
				49B43DB9251F4B08009B0F78 /* ExtensionFile.swift */,
			);
			path = Extension;
			sourceTree = "<group>";
		};
		87466FA90BF7C523DAE8C854 /* Pods */ = {
			isa = PBXGroup;
			children = (
				030F67C57F8385A4F5F1A678 /* Pods-Day Care.debug.xcconfig */,
				963733391DEAD65FCD76FA42 /* Pods-Day Care.release.xcconfig */,
			);
			path = Pods;
			sourceTree = "<group>";
		};
		CEB0C4E584A7234B9F2A3272 /* Frameworks */ = {
			isa = PBXGroup;
			children = (
				C7EBC612E9E82CAC70FD46F9 /* Pods_Day_Care.framework */,
			);
			name = Frameworks;
			sourceTree = "<group>";
		};
/* End PBXGroup section */

/* Begin PBXNativeTarget section */
		495C5CFF2515BC4500AEE577 /* Day Care */ = {
			isa = PBXNativeTarget;
			buildConfigurationList = 495C5D172515BC4800AEE577 /* Build configuration list for PBXNativeTarget "Day Care" */;
			buildPhases = (
				D29FFE8207BB3F4C89923342 /* [CP] Check Pods Manifest.lock */,
				495C5CFC2515BC4500AEE577 /* Sources */,
				495C5CFD2515BC4500AEE577 /* Frameworks */,
				495C5CFE2515BC4500AEE577 /* Resources */,
				533F2C52F743E1ED9169A8EA /* [CP] Embed Pods Frameworks */,
				9856A17DD402BAC877EE704C /* [CP] Copy Pods Resources */,
			);
			buildRules = (
			);
			dependencies = (
			);
			name = "Day Care";
			productName = "Day Care";
			productReference = 495C5D002515BC4500AEE577 /* Day Care.app */;
			productType = "com.apple.product-type.application";
		};
/* End PBXNativeTarget section */

/* Begin PBXProject section */
		495C5CF82515BC4500AEE577 /* Project object */ = {
			isa = PBXProject;
			attributes = {
				LastSwiftUpdateCheck = 1200;
				LastUpgradeCheck = 1200;
				TargetAttributes = {
					495C5CFF2515BC4500AEE577 = {
						CreatedOnToolsVersion = 12.0;
					};
				};
			};
			buildConfigurationList = 495C5CFB2515BC4500AEE577 /* Build configuration list for PBXProject "Day Care" */;
			compatibilityVersion = "Xcode 9.3";
			developmentRegion = en;
			hasScannedForEncodings = 0;
			knownRegions = (
				en,
				Base,
			);
			mainGroup = 495C5CF72515BC4500AEE577;
			productRefGroup = 495C5D012515BC4500AEE577 /* Products */;
			projectDirPath = "";
			projectRoot = "";
			targets = (
				495C5CFF2515BC4500AEE577 /* Day Care */,
			);
		};
/* End PBXProject section */

/* Begin PBXResourcesBuildPhase section */
		495C5CFE2515BC4500AEE577 /* Resources */ = {
			isa = PBXResourcesBuildPhase;
			buildActionMask = 2147483647;
			files = (
				495C5D132515BC4800AEE577 /* LaunchScreen.storyboard in Resources */,
				495C5D102515BC4800AEE577 /* Assets.xcassets in Resources */,
				495C5D0B2515BC4500AEE577 /* Main.storyboard in Resources */,
				49B72A1A251F2BE000A356D4 /* GoogleService-Info.plist in Resources */,
			);
			runOnlyForDeploymentPostprocessing = 0;
		};
/* End PBXResourcesBuildPhase section */

/* Begin PBXShellScriptBuildPhase section */
		533F2C52F743E1ED9169A8EA /* [CP] Embed Pods Frameworks */ = {
			isa = PBXShellScriptBuildPhase;
			buildActionMask = 2147483647;
			files = (
			);
			inputFileListPaths = (
				"${PODS_ROOT}/Target Support Files/Pods-Day Care/Pods-Day Care-frameworks-${CONFIGURATION}-input-files.xcfilelist",
			);
			name = "[CP] Embed Pods Frameworks";
			outputFileListPaths = (
				"${PODS_ROOT}/Target Support Files/Pods-Day Care/Pods-Day Care-frameworks-${CONFIGURATION}-output-files.xcfilelist",
			);
			runOnlyForDeploymentPostprocessing = 0;
			shellPath = /bin/sh;
			shellScript = "\"${PODS_ROOT}/Target Support Files/Pods-Day Care/Pods-Day Care-frameworks.sh\"\n";
			showEnvVarsInLog = 0;
		};
		9856A17DD402BAC877EE704C /* [CP] Copy Pods Resources */ = {
			isa = PBXShellScriptBuildPhase;
			buildActionMask = 2147483647;
			files = (
			);
			inputFileListPaths = (
				"${PODS_ROOT}/Target Support Files/Pods-Day Care/Pods-Day Care-resources-${CONFIGURATION}-input-files.xcfilelist",
			);
			name = "[CP] Copy Pods Resources";
			outputFileListPaths = (
				"${PODS_ROOT}/Target Support Files/Pods-Day Care/Pods-Day Care-resources-${CONFIGURATION}-output-files.xcfilelist",
			);
			runOnlyForDeploymentPostprocessing = 0;
			shellPath = /bin/sh;
			shellScript = "\"${PODS_ROOT}/Target Support Files/Pods-Day Care/Pods-Day Care-resources.sh\"\n";
			showEnvVarsInLog = 0;
		};
		D29FFE8207BB3F4C89923342 /* [CP] Check Pods Manifest.lock */ = {
			isa = PBXShellScriptBuildPhase;
			buildActionMask = 2147483647;
			files = (
			);
			inputFileListPaths = (
			);
			inputPaths = (
				"${PODS_PODFILE_DIR_PATH}/Podfile.lock",
				"${PODS_ROOT}/Manifest.lock",
			);
			name = "[CP] Check Pods Manifest.lock";
			outputFileListPaths = (
			);
			outputPaths = (
				"$(DERIVED_FILE_DIR)/Pods-Day Care-checkManifestLockResult.txt",
			);
			runOnlyForDeploymentPostprocessing = 0;
			shellPath = /bin/sh;
			shellScript = "diff \"${PODS_PODFILE_DIR_PATH}/Podfile.lock\" \"${PODS_ROOT}/Manifest.lock\" > /dev/null\nif [ $? != 0 ] ; then\n    # print error to STDERR\n    echo \"error: The sandbox is not in sync with the Podfile.lock. Run 'pod install' or update your CocoaPods installation.\" >&2\n    exit 1\nfi\n# This output is used by Xcode 'outputs' to avoid re-running this script phase.\necho \"SUCCESS\" > \"${SCRIPT_OUTPUT_FILE_0}\"\n";
			showEnvVarsInLog = 0;
		};
/* End PBXShellScriptBuildPhase section */

/* Begin PBXSourcesBuildPhase section */
		495C5CFC2515BC4500AEE577 /* Sources */ = {
			isa = PBXSourcesBuildPhase;
			buildActionMask = 2147483647;
			files = (
				495C5D082515BC4500AEE577 /* IntroVC.swift in Sources */,
				49B43DBE251F56CA009B0F78 /* RoleOptionVC.swift in Sources */,
				495C5D0E2515BC4500AEE577 /* Day_Care.xcdatamodeld in Sources */,
				495C5D042515BC4500AEE577 /* AppDelegate.swift in Sources */,
				49B43DBA251F4B08009B0F78 /* ExtensionFile.swift in Sources */,
				49B43DB6251F41E0009B0F78 /* LoginWithEmailVC.swift in Sources */,
				496F0C972515F2B600E3DAD9 /* User.swift in Sources */,
				495C5D062515BC4500AEE577 /* SceneDelegate.swift in Sources */,
			);
			runOnlyForDeploymentPostprocessing = 0;
		};
/* End PBXSourcesBuildPhase section */

/* Begin PBXVariantGroup section */
		495C5D092515BC4500AEE577 /* Main.storyboard */ = {
			isa = PBXVariantGroup;
			children = (
				495C5D0A2515BC4500AEE577 /* Base */,
			);
			name = Main.storyboard;
			sourceTree = "<group>";
		};
		495C5D112515BC4800AEE577 /* LaunchScreen.storyboard */ = {
			isa = PBXVariantGroup;
			children = (
				495C5D122515BC4800AEE577 /* Base */,
			);
			name = LaunchScreen.storyboard;
			sourceTree = "<group>";
		};
/* End PBXVariantGroup section */

/* Begin XCBuildConfiguration section */
		495C5D152515BC4800AEE577 /* Debug */ = {
			isa = XCBuildConfiguration;
			buildSettings = {
				ALWAYS_SEARCH_USER_PATHS = NO;
				CLANG_ANALYZER_NONNULL = YES;
				CLANG_ANALYZER_NUMBER_OBJECT_CONVERSION = YES_AGGRESSIVE;
				CLANG_CXX_LANGUAGE_STANDARD = "gnu++14";
				CLANG_CXX_LIBRARY = "libc++";
				CLANG_ENABLE_MODULES = YES;
				CLANG_ENABLE_OBJC_ARC = YES;
				CLANG_ENABLE_OBJC_WEAK = YES;
				CLANG_WARN_BLOCK_CAPTURE_AUTORELEASING = YES;
				CLANG_WARN_BOOL_CONVERSION = YES;
				CLANG_WARN_COMMA = YES;
				CLANG_WARN_CONSTANT_CONVERSION = YES;
				CLANG_WARN_DEPRECATED_OBJC_IMPLEMENTATIONS = YES;
				CLANG_WARN_DIRECT_OBJC_ISA_USAGE = YES_ERROR;
				CLANG_WARN_DOCUMENTATION_COMMENTS = YES;
				CLANG_WARN_EMPTY_BODY = YES;
				CLANG_WARN_ENUM_CONVERSION = YES;
				CLANG_WARN_INFINITE_RECURSION = YES;
				CLANG_WARN_INT_CONVERSION = YES;
				CLANG_WARN_NON_LITERAL_NULL_CONVERSION = YES;
				CLANG_WARN_OBJC_IMPLICIT_RETAIN_SELF = YES;
				CLANG_WARN_OBJC_LITERAL_CONVERSION = YES;
				CLANG_WARN_OBJC_ROOT_CLASS = YES_ERROR;
				CLANG_WARN_QUOTED_INCLUDE_IN_FRAMEWORK_HEADER = YES;
				CLANG_WARN_RANGE_LOOP_ANALYSIS = YES;
				CLANG_WARN_STRICT_PROTOTYPES = YES;
				CLANG_WARN_SUSPICIOUS_MOVE = YES;
				CLANG_WARN_UNGUARDED_AVAILABILITY = YES_AGGRESSIVE;
				CLANG_WARN_UNREACHABLE_CODE = YES;
				CLANG_WARN__DUPLICATE_METHOD_MATCH = YES;
				COPY_PHASE_STRIP = NO;
				DEBUG_INFORMATION_FORMAT = dwarf;
				ENABLE_STRICT_OBJC_MSGSEND = YES;
				ENABLE_TESTABILITY = YES;
				GCC_C_LANGUAGE_STANDARD = gnu11;
				GCC_DYNAMIC_NO_PIC = NO;
				GCC_NO_COMMON_BLOCKS = YES;
				GCC_OPTIMIZATION_LEVEL = 0;
				GCC_PREPROCESSOR_DEFINITIONS = (
					"DEBUG=1",
					"$(inherited)",
				);
				GCC_WARN_64_TO_32_BIT_CONVERSION = YES;
				GCC_WARN_ABOUT_RETURN_TYPE = YES_ERROR;
				GCC_WARN_UNDECLARED_SELECTOR = YES;
				GCC_WARN_UNINITIALIZED_AUTOS = YES_AGGRESSIVE;
				GCC_WARN_UNUSED_FUNCTION = YES;
				GCC_WARN_UNUSED_VARIABLE = YES;
				IPHONEOS_DEPLOYMENT_TARGET = 14.0;
				MTL_ENABLE_DEBUG_INFO = INCLUDE_SOURCE;
				MTL_FAST_MATH = YES;
				ONLY_ACTIVE_ARCH = YES;
				SDKROOT = iphoneos;
				SWIFT_ACTIVE_COMPILATION_CONDITIONS = DEBUG;
				SWIFT_OPTIMIZATION_LEVEL = "-Onone";
			};
			name = Debug;
		};
		495C5D162515BC4800AEE577 /* Release */ = {
			isa = XCBuildConfiguration;
			buildSettings = {
				ALWAYS_SEARCH_USER_PATHS = NO;
				CLANG_ANALYZER_NONNULL = YES;
				CLANG_ANALYZER_NUMBER_OBJECT_CONVERSION = YES_AGGRESSIVE;
				CLANG_CXX_LANGUAGE_STANDARD = "gnu++14";
				CLANG_CXX_LIBRARY = "libc++";
				CLANG_ENABLE_MODULES = YES;
				CLANG_ENABLE_OBJC_ARC = YES;
				CLANG_ENABLE_OBJC_WEAK = YES;
				CLANG_WARN_BLOCK_CAPTURE_AUTORELEASING = YES;
				CLANG_WARN_BOOL_CONVERSION = YES;
				CLANG_WARN_COMMA = YES;
				CLANG_WARN_CONSTANT_CONVERSION = YES;
				CLANG_WARN_DEPRECATED_OBJC_IMPLEMENTATIONS = YES;
				CLANG_WARN_DIRECT_OBJC_ISA_USAGE = YES_ERROR;
				CLANG_WARN_DOCUMENTATION_COMMENTS = YES;
				CLANG_WARN_EMPTY_BODY = YES;
				CLANG_WARN_ENUM_CONVERSION = YES;
				CLANG_WARN_INFINITE_RECURSION = YES;
				CLANG_WARN_INT_CONVERSION = YES;
				CLANG_WARN_NON_LITERAL_NULL_CONVERSION = YES;
				CLANG_WARN_OBJC_IMPLICIT_RETAIN_SELF = YES;
				CLANG_WARN_OBJC_LITERAL_CONVERSION = YES;
				CLANG_WARN_OBJC_ROOT_CLASS = YES_ERROR;
				CLANG_WARN_QUOTED_INCLUDE_IN_FRAMEWORK_HEADER = YES;
				CLANG_WARN_RANGE_LOOP_ANALYSIS = YES;
				CLANG_WARN_STRICT_PROTOTYPES = YES;
				CLANG_WARN_SUSPICIOUS_MOVE = YES;
				CLANG_WARN_UNGUARDED_AVAILABILITY = YES_AGGRESSIVE;
				CLANG_WARN_UNREACHABLE_CODE = YES;
				CLANG_WARN__DUPLICATE_METHOD_MATCH = YES;
				COPY_PHASE_STRIP = NO;
				DEBUG_INFORMATION_FORMAT = "dwarf-with-dsym";
				ENABLE_NS_ASSERTIONS = NO;
				ENABLE_STRICT_OBJC_MSGSEND = YES;
				GCC_C_LANGUAGE_STANDARD = gnu11;
				GCC_NO_COMMON_BLOCKS = YES;
				GCC_WARN_64_TO_32_BIT_CONVERSION = YES;
				GCC_WARN_ABOUT_RETURN_TYPE = YES_ERROR;
				GCC_WARN_UNDECLARED_SELECTOR = YES;
				GCC_WARN_UNINITIALIZED_AUTOS = YES_AGGRESSIVE;
				GCC_WARN_UNUSED_FUNCTION = YES;
				GCC_WARN_UNUSED_VARIABLE = YES;
				IPHONEOS_DEPLOYMENT_TARGET = 14.0;
				MTL_ENABLE_DEBUG_INFO = NO;
				MTL_FAST_MATH = YES;
				SDKROOT = iphoneos;
				SWIFT_COMPILATION_MODE = wholemodule;
				SWIFT_OPTIMIZATION_LEVEL = "-O";
				VALIDATE_PRODUCT = YES;
			};
			name = Release;
		};
		495C5D182515BC4800AEE577 /* Debug */ = {
			isa = XCBuildConfiguration;
			baseConfigurationReference = 030F67C57F8385A4F5F1A678 /* Pods-Day Care.debug.xcconfig */;
			buildSettings = {
				ASSETCATALOG_COMPILER_APPICON_NAME = AppIcon;
				ASSETCATALOG_COMPILER_GLOBAL_ACCENT_COLOR_NAME = AccentColor;
				CODE_SIGN_STYLE = Automatic;
				DEVELOPMENT_TEAM = SCS8D5TFR8;
				INFOPLIST_FILE = "Day Care/Info.plist";
				IPHONEOS_DEPLOYMENT_TARGET = 13.6;
				LD_RUNPATH_SEARCH_PATHS = (
					"$(inherited)",
					"@executable_path/Frameworks",
				);
				PRODUCT_BUNDLE_IDENTIFIER = com.zmenterprises.DayCare;
				PRODUCT_NAME = "$(TARGET_NAME)";
				SWIFT_VERSION = 5.0;
				TARGETED_DEVICE_FAMILY = "1,2";
			};
			name = Debug;
		};
		495C5D192515BC4800AEE577 /* Release */ = {
			isa = XCBuildConfiguration;
			baseConfigurationReference = 963733391DEAD65FCD76FA42 /* Pods-Day Care.release.xcconfig */;
			buildSettings = {
				ASSETCATALOG_COMPILER_APPICON_NAME = AppIcon;
				ASSETCATALOG_COMPILER_GLOBAL_ACCENT_COLOR_NAME = AccentColor;
				CODE_SIGN_STYLE = Automatic;
				DEVELOPMENT_TEAM = SCS8D5TFR8;
				INFOPLIST_FILE = "Day Care/Info.plist";
				IPHONEOS_DEPLOYMENT_TARGET = 13.6;
				LD_RUNPATH_SEARCH_PATHS = (
					"$(inherited)",
					"@executable_path/Frameworks",
				);
				PRODUCT_BUNDLE_IDENTIFIER = com.zmenterprises.DayCare;
				PRODUCT_NAME = "$(TARGET_NAME)";
				SWIFT_VERSION = 5.0;
				TARGETED_DEVICE_FAMILY = "1,2";
			};
			name = Release;
		};
/* End XCBuildConfiguration section */

/* Begin XCConfigurationList section */
		495C5CFB2515BC4500AEE577 /* Build configuration list for PBXProject "Day Care" */ = {
			isa = XCConfigurationList;
			buildConfigurations = (
				495C5D152515BC4800AEE577 /* Debug */,
				495C5D162515BC4800AEE577 /* Release */,
			);
			defaultConfigurationIsVisible = 0;
			defaultConfigurationName = Release;
		};
		495C5D172515BC4800AEE577 /* Build configuration list for PBXNativeTarget "Day Care" */ = {
			isa = XCConfigurationList;
			buildConfigurations = (
				495C5D182515BC4800AEE577 /* Debug */,
				495C5D192515BC4800AEE577 /* Release */,
			);
			defaultConfigurationIsVisible = 0;
			defaultConfigurationName = Release;
		};
/* End XCConfigurationList section */

/* Begin XCVersionGroup section */
		495C5D0C2515BC4500AEE577 /* Day_Care.xcdatamodeld */ = {
			isa = XCVersionGroup;
			children = (
				495C5D0D2515BC4500AEE577 /* Day_Care.xcdatamodel */,
			);
			currentVersion = 495C5D0D2515BC4500AEE577 /* Day_Care.xcdatamodel */;
			path = Day_Care.xcdatamodeld;
			sourceTree = "<group>";
			versionGroupType = wrapper.xcdatamodel;
		};
/* End XCVersionGroup section */
	};
	rootObject = 495C5CF82515BC4500AEE577 /* Project object */;
}
